{
  "name": "bball",
  "version": "1.0.0",
  "lockfileVersion": 1,
  "requires": true,
  "dependencies": {
    "acorn": {
      "version": "5.5.3",
      "resolved": "https://registry.npmjs.org/acorn/-/acorn-5.5.3.tgz",
      "integrity": "sha512-jd5MkIUlbbmb07nXH0DT3y7rDVtkzDi4XZOUVWAer8ajmF/DTSSbl5oNFyDOl/OXA33Bl79+ypHhl2pN20VeOQ=="
    },
    "brain.js": {
      "version": "1.1.2",
      "resolved": "https://registry.npmjs.org/brain.js/-/brain.js-1.1.2.tgz",
      "integrity": "sha1-Jhxny2/GKRiVTjCDaFCGj4nHd3M=",
      "requires": {
        "gpu.js": "1.2.0",
        "thaw.js": "2.0.0"
      }
    },
    "csv": {
      "version": "2.0.0",
      "resolved": "https://registry.npmjs.org/csv/-/csv-2.0.0.tgz",
      "integrity": "sha1-DVHY+j7OJ4tUCfeVcX/PzVrOmz4=",
      "requires": {
        "csv-generate": "2.0.2",
        "csv-parse": "2.1.0",
        "csv-stringify": "2.1.0",
        "stream-transform": "1.0.2"
      }
    },
    "csv-generate": {
      "version": "2.0.2",
      "resolved": "https://registry.npmjs.org/csv-generate/-/csv-generate-2.0.2.tgz",
      "integrity": "sha512-oyidhQ/sQcqKOyt+hRnL9oiqFFWsEkOwBE7tEV3pwku6dSuFUQqTGfhYXH/HZ3rKy8xBtcrwsspmXVo+LPijuA=="
    },
    "csv-parse": {
      "version": "2.1.0",
      "resolved": "https://registry.npmjs.org/csv-parse/-/csv-parse-2.1.0.tgz",
      "integrity": "sha512-tUTdmYzT0J8gqwmW3nzwKt7hl8AZ0HtEXk6SYgTWX2+3KNFiDVcAYNebBsjeCaGCZrZLHDy+W20voZDY7f/oeA=="
    },
    "csv-stringify": {
      "version": "2.1.0",
      "resolved": "https://registry.npmjs.org/csv-stringify/-/csv-stringify-2.1.0.tgz",
      "integrity": "sha512-wEmZksjlGEZEP0Ai7eyCQuVd68CUqP1TmQ7ay4bchtxTY37tAm1DgM1xPj2L9isEylGEmvfFwA6RXwnqLzKfuA==",
      "requires": {
        "lodash.get": "4.4.2"
      }
    },
    "gpu.js": {
      "version": "1.2.0",
      "resolved": "https://registry.npmjs.org/gpu.js/-/gpu.js-1.2.0.tgz",
      "integrity": "sha1-OvMGI8YFShEZhyX7bdmuYlyp+ok=",
      "requires": {
        "acorn": "5.5.3"
      }
    },
    "lodash.get": {
      "version": "4.4.2",
      "resolved": "https://registry.npmjs.org/lodash.get/-/lodash.get-4.4.2.tgz",
      "integrity": "sha1-LRd/ZS+jHpObRDjVNBSZ36OCXpk="
    },
    "stream-transform": {
      "version": "1.0.2",
      "resolved": "https://registry.npmjs.org/stream-transform/-/stream-transform-1.0.2.tgz",
      "integrity": "sha512-LNcZSF01PZ+bM0OqwPY7UHPiKoxSmLGHAcqakvh01DCU98ONEslLORdyBPdmTqjTpZSfCiaYLV4sci9y5M47oA=="
    },
    "thaw.js": {
      "version": "2.0.0",
      "resolved": "https://registry.npmjs.org/thaw.js/-/thaw.js-2.0.0.tgz",
      "integrity": "sha1-RSvF1+4s4bb5IDewW1BsvWVikdA="
    }
  }
}
